
Microsoft Visual Studio Solution File, Format Version 12.00
# Visual Studio Version 17
VisualStudioVersion = 17.14.37614.0 d17.14
MinimumVisualStudioVersion = 10.0.40219.1
Project("{F184B08F-C81C-45F6-A57F-5ABD9991F28F}") = "Proyecto_Final_2026_G2", "Proyecto_Final_2026_G2.vbproj", "{B033B2CA-8123-4DB4-B873-F8890FA2109A}"
EndProject
Global
	GlobalSection(SolutionConfigurationPlatforms) = preSolution
		Debug|Any CPU = Debug|Any CPU
		Release|Any CPU = Release|Any CPU
	EndGlobalSection
	GlobalSection(ProjectConfigurationPlatforms) = postSolution
		{B033B2CA-8123-4DB4-B873-F8890FA2109A}.Debug|Any CPU.ActiveCfg = Debug|Any CPU
		{B033B2CA-8123-4DB4-B873-F8890FA2109A}.Debug|Any CPU.Build.0 = Debug|Any CPU
		{B033B2CA-8123-4DB4-B873-F8890FA2109A}.Release|Any CPU.ActiveCfg = Release|Any CPU
		{B033B2CA-8123-4DB4-B873-F8890FA2109A}.Release|Any CPU.Build.0 = Release|Any CPU
	EndGlobalSection
	GlobalSection(SolutionProperties) = preSolution
		HideSolutionNode = FALSE
	EndGlobalSection
	GlobalSection(ExtensibilityGlobals) = postSolution
		SolutionGuid = {A5D781BE-52E6-44DD-B38B-4522511B7B10}
	EndGlobalSection
EndGlobal
